{
  "name": "t-cli",
  "version": "1.0.1",
  "lockfileVersion": 1,
  "requires": true,
  "dependencies": {
    "ansi-escapes": {
      "version": "4.3.2",
      "resolved": "https://registry.nlark.com/ansi-escapes/download/ansi-escapes-4.3.2.tgz",
      "integrity": "sha1-ayKR0dt9mLZSHV8e+kLQ86n+tl4=",
      "requires": {
        "type-fest": "^0.21.3"
      }
    },
    "ansi-regex": {
      "version": "5.0.0",
      "resolved": "https://registry.npm.taobao.org/ansi-regex/download/ansi-regex-5.0.0.tgz?cache=0&sync_timestamp=1618553044693&other_urls=https%3A%2F%2Fregistry.npm.taobao.org%2Fansi-regex%2Fdownload%2Fansi-regex-5.0.0.tgz",
      "integrity": "sha1-OIU59VF5vzkznIGvMKZU1p+Hy3U="
    },
    "ansi-styles": {
      "version": "4.3.0",
      "resolved": "https://registry.nlark.com/ansi-styles/download/ansi-styles-4.3.0.tgz?cache=0&sync_timestamp=1618995588464&other_urls=https%3A%2F%2Fregistry.nlark.com%2Fansi-styles%2Fdownload%2Fansi-styles-4.3.0.tgz",
      "integrity": "sha1-7dgDYornHATIWuegkG7a00tkiTc=",
      "requires": {
        "color-convert": "^2.0.1"
      }
    },
    "array.prototype.flat": {
      "version": "1.2.4",
      "resolved": "https://registry.npm.taobao.org/array.prototype.flat/download/array.prototype.flat-1.2.4.tgz?cache=0&sync_timestamp=1605688971975&other_urls=https%3A%2F%2Fregistry.npm.taobao.org%2Farray.prototype.flat%2Fdownload%2Farray.prototype.flat-1.2.4.tgz",
      "integrity": "sha1-bvY4tDMSvUAbTGGZ/ex+LcnpoSM=",
      "requires": {
        "call-bind": "^1.0.0",
        "define-properties": "^1.1.3",
        "es-abstract": "^1.18.0-next.1"
      }
    },
    "base64-js": {
      "version": "1.5.1",
      "resolved": "https://registry.nlark.com/base64-js/download/base64-js-1.5.1.tgz",
      "integrity": "sha1-GxtEAWClv3rUC2UPCVljSBkDkwo="
    },
    "bl": {
      "version": "4.1.0",
      "resolved": "https://registry.nlark.com/bl/download/bl-4.1.0.tgz",
      "integrity": "sha1-RRU1JkGCvsL7vIOmKrmM8R2fezo=",
      "requires": {
        "buffer": "^5.5.0",
        "inherits": "^2.0.4",
        "readable-stream": "^3.4.0"
      }
    },
    "breakword": {
      "version": "1.0.5",
      "resolved": "https://registry.npm.taobao.org/breakword/download/breakword-1.0.5.tgz",
      "integrity": "sha1-/UIKQX9VAWc2tbYVFhyuHI+BmBA=",
      "requires": {
        "wcwidth": "^1.0.1"
      }
    },
    "buffer": {
      "version": "5.7.1",
      "resolved": "https://registry.nlark.com/buffer/download/buffer-5.7.1.tgz",
      "integrity": "sha1-umLnwTEzBTWCGXFghRqPZI6Z7tA=",
      "requires": {
        "base64-js": "^1.3.1",
        "ieee754": "^1.1.13"
      }
    },
    "call-bind": {
      "version": "1.0.2",
      "resolved": "https://registry.npm.taobao.org/call-bind/download/call-bind-1.0.2.tgz?cache=0&sync_timestamp=1610403020286&other_urls=https%3A%2F%2Fregistry.npm.taobao.org%2Fcall-bind%2Fdownload%2Fcall-bind-1.0.2.tgz",
      "integrity": "sha1-sdTonmiBGcPJqQOtMKuy9qkZvjw=",
      "requires": {
        "function-bind": "^1.1.1",
        "get-intrinsic": "^1.0.2"
      }
    },
    "camelcase": {
      "version": "5.3.1",
      "resolved": "https://registry.npm.taobao.org/camelcase/download/camelcase-5.3.1.tgz",
      "integrity": "sha1-48mzFWnhBoEd8kL3FXJaH0xJQyA="
    },
    "chalk": {
      "version": "4.1.2",
      "resolved": "https://registry.nlark.com/chalk/download/chalk-4.1.2.tgz?cache=0&sync_timestamp=1627646697260&other_urls=https%3A%2F%2Fregistry.nlark.com%2Fchalk%2Fdownload%2Fchalk-4.1.2.tgz",
      "integrity": "sha1-qsTit3NKdAhnrrFr8CqtVWoeegE=",
      "requires": {
        "ansi-styles": "^4.1.0",
        "supports-color": "^7.1.0"
      }
    },
    "chardet": {
      "version": "0.7.0",
      "resolved": "https://registry.nlark.com/chardet/download/chardet-0.7.0.tgz",
      "integrity": "sha1-kAlISfCTfy7twkJdDSip5fDLrZ4="
    },
    "cli-cursor": {
      "version": "3.1.0",
      "resolved": "https://registry.nlark.com/cli-cursor/download/cli-cursor-3.1.0.tgz?cache=0&sync_timestamp=1629747481175&other_urls=https%3A%2F%2Fregistry.nlark.com%2Fcli-cursor%2Fdownload%2Fcli-cursor-3.1.0.tgz",
      "integrity": "sha1-JkMFp65JDR0Dvwybp8kl0XU68wc=",
      "requires": {
        "restore-cursor": "^3.1.0"
      }
    },
    "cli-spinners": {
      "version": "2.6.0",
      "resolved": "https://registry.npm.taobao.org/cli-spinners/download/cli-spinners-2.6.0.tgz?cache=0&sync_timestamp=1616091641633&other_urls=https%3A%2F%2Fregistry.npm.taobao.org%2Fcli-spinners%2Fdownload%2Fcli-spinners-2.6.0.tgz",
      "integrity": "sha1-NsfcmPtqmna9YjjsP3fiQlYn6Tk="
    },
    "cli-width": {
      "version": "3.0.0",
      "resolved": "https://registry.nlark.com/cli-width/download/cli-width-3.0.0.tgz",
      "integrity": "sha1-ovSEN6LKqaIkNueUvwceyeYc7fY="
    },
    "cliui": {
      "version": "6.0.0",
      "resolved": "https://registry.nlark.com/cliui/download/cliui-6.0.0.tgz",
      "integrity": "sha1-UR1wLAxOQcoVbX0OlgIfI+EyJbE=",
      "requires": {
        "string-width": "^4.2.0",
        "strip-ansi": "^6.0.0",
        "wrap-ansi": "^6.2.0"
      }
    },
    "clone": {
      "version": "1.0.4",
      "resolved": "https://registry.nlark.com/clone/download/clone-1.0.4.tgz",
      "integrity": "sha1-2jCcwmPfFZlMaIypAheco8fNfH4="
    },
    "color-convert": {
      "version": "2.0.1",
      "resolved": "https://registry.nlark.com/color-convert/download/color-convert-2.0.1.tgz",
      "integrity": "sha1-ctOmjVmMm9s68q0ehPIdiWq9TeM=",
      "requires": {
        "color-name": "~1.1.4"
      }
    },
    "color-name": {
      "version": "1.1.4",
      "resolved": "https://registry.npm.taobao.org/color-name/download/color-name-1.1.4.tgz",
      "integrity": "sha1-wqCah6y95pVD3m9j+jmVyCbFNqI="
    },
    "commander": {
      "version": "8.1.0",
      "resolved": "https://registry.nlark.com/commander/download/commander-8.1.0.tgz?cache=0&sync_timestamp=1627358203890&other_urls=https%3A%2F%2Fregistry.nlark.com%2Fcommander%2Fdownload%2Fcommander-8.1.0.tgz",
      "integrity": "sha1-2zbj5m7fJP9ZHWOYYsarLFJmQ2I="
    },
    "csv": {
      "version": "5.5.3",
      "resolved": "https://registry.nlark.com/csv/download/csv-5.5.3.tgz?cache=0&sync_timestamp=1630657701694&other_urls=https%3A%2F%2Fregistry.nlark.com%2Fcsv%2Fdownload%2Fcsv-5.5.3.tgz",
      "integrity": "sha1-zSbB5F6uAM5qm3sn3LlJVeyVIH0=",
      "requires": {
        "csv-generate": "^3.4.3",
        "csv-parse": "^4.16.3",
        "csv-stringify": "^5.6.5",
        "stream-transform": "^2.1.3"
      }
    },
    "csv-generate": {
      "version": "3.4.3",
      "resolved": "https://registry.nlark.com/csv-generate/download/csv-generate-3.4.3.tgz?cache=0&sync_timestamp=1630657700359&other_urls=https%3A%2F%2Fregistry.nlark.com%2Fcsv-generate%2Fdownload%2Fcsv-generate-3.4.3.tgz",
      "integrity": "sha1-vELZQ7Ra6lKvqJaHQpHaS5EI//8="
    },
    "csv-parse": {
      "version": "4.16.3",
      "resolved": "https://registry.nlark.com/csv-parse/download/csv-parse-4.16.3.tgz?cache=0&sync_timestamp=1630657701381&other_urls=https%3A%2F%2Fregistry.nlark.com%2Fcsv-parse%2Fdownload%2Fcsv-parse-4.16.3.tgz",
      "integrity": "sha1-fKYk1RchLrxSCjaHPDR4+mbvuvc="
    },
    "csv-stringify": {
      "version": "5.6.5",
      "resolved": "https://registry.nlark.com/csv-stringify/download/csv-stringify-5.6.5.tgz?cache=0&sync_timestamp=1630657700717&other_urls=https%3A%2F%2Fregistry.nlark.com%2Fcsv-stringify%2Fdownload%2Fcsv-stringify-5.6.5.tgz",
      "integrity": "sha1-xtdLrdpLSaeb9Ocvkczh4zuU3gA="
    },
    "dayjs": {
      "version": "1.10.6",
      "resolved": "https://registry.nlark.com/dayjs/download/dayjs-1.10.6.tgz",
      "integrity": "sha1-KIsqqC8thBimydTfWJjAc3rQKmM="
    },
    "decamelize": {
      "version": "1.2.0",
      "resolved": "https://registry.nlark.com/decamelize/download/decamelize-1.2.0.tgz",
      "integrity": "sha1-9lNNFRSCabIDUue+4m9QH5oZEpA="
    },
    "defaults": {
      "version": "1.0.3",
      "resolved": "https://registry.nlark.com/defaults/download/defaults-1.0.3.tgz",
      "integrity": "sha1-xlYFHpgX2f8I7YgUd/P+QBnz730=",
      "requires": {
        "clone": "^1.0.2"
      }
    },
    "define-properties": {
      "version": "1.1.3",
      "resolved": "https://registry.npm.taobao.org/define-properties/download/define-properties-1.1.3.tgz",
      "integrity": "sha1-z4jabL7ib+bbcJT2HYcMvYTO6fE=",
      "requires": {
        "object-keys": "^1.0.12"
      }
    },
    "emoji-regex": {
      "version": "8.0.0",
      "resolved": "https://registry.nlark.com/emoji-regex/download/emoji-regex-8.0.0.tgz",
      "integrity": "sha1-6Bj9ac5cz8tARZT4QpY79TFkzDc="
    },
    "es-abstract": {
      "version": "1.18.6",
      "resolved": "https://registry.nlark.com/es-abstract/download/es-abstract-1.18.6.tgz?cache=0&sync_timestamp=1631076806734&other_urls=https%3A%2F%2Fregistry.nlark.com%2Fes-abstract%2Fdownload%2Fes-abstract-1.18.6.tgz",
      "integrity": "sha1-LETj6npiVQORZNJlWXd6bZeMtFY=",
      "requires": {
        "call-bind": "^1.0.2",
        "es-to-primitive": "^1.2.1",
        "function-bind": "^1.1.1",
        "get-intrinsic": "^1.1.1",
        "get-symbol-description": "^1.0.0",
        "has": "^1.0.3",
        "has-symbols": "^1.0.2",
        "internal-slot": "^1.0.3",
        "is-callable": "^1.2.4",
        "is-negative-zero": "^2.0.1",
        "is-regex": "^1.1.4",
        "is-string": "^1.0.7",
        "object-inspect": "^1.11.0",
        "object-keys": "^1.1.1",
        "object.assign": "^4.1.2",
        "string.prototype.trimend": "^1.0.4",
        "string.prototype.trimstart": "^1.0.4",
        "unbox-primitive": "^1.0.1"
      }
    },
    "es-to-primitive": {
      "version": "1.2.1",
      "resolved": "https://registry.npm.taobao.org/es-to-primitive/download/es-to-primitive-1.2.1.tgz",
      "integrity": "sha1-5VzUyc3BiLzvsDs2bHNjI/xciYo=",
      "requires": {
        "is-callable": "^1.1.4",
        "is-date-object": "^1.0.1",
        "is-symbol": "^1.0.2"
      }
    },
    "escalade": {
      "version": "3.1.1",
      "resolved": "https://registry.npm.taobao.org/escalade/download/escalade-3.1.1.tgz",
      "integrity": "sha1-2M/ccACWXFoBdLSoLqpcBVJ0LkA="
    },
    "escape-string-regexp": {
      "version": "1.0.5",
      "resolved": "https://registry.nlark.com/escape-string-regexp/download/escape-string-regexp-1.0.5.tgz",
      "integrity": "sha1-G2HAViGQqN/2rjuyzwIAyhMLhtQ="
    },
    "external-editor": {
      "version": "3.1.0",
      "resolved": "https://registry.nlark.com/external-editor/download/external-editor-3.1.0.tgz",
      "integrity": "sha1-ywP3QL764D6k0oPK7SdBqD8zVJU=",
      "requires": {
        "chardet": "^0.7.0",
        "iconv-lite": "^0.4.24",
        "tmp": "^0.0.33"
      }
    },
    "figlet": {
      "version": "1.5.2",
      "resolved": "https://registry.nlark.com/figlet/download/figlet-1.5.2.tgz",
      "integrity": "sha1-3aNP8jPJpI42/P9nQa61uv5JtjQ="
    },
    "figures": {
      "version": "3.2.0",
      "resolved": "https://registry.nlark.com/figures/download/figures-3.2.0.tgz?cache=0&other_urls=https%3A%2F%2Fregistry.nlark.com%2Ffigures%2Fdownload%2Ffigures-3.2.0.tgz",
      "integrity": "sha1-YlwYvSk8YE3EqN2y/r8MiDQXRq8=",
      "requires": {
        "escape-string-regexp": "^1.0.5"
      }
    },
    "find-up": {
      "version": "4.1.0",
      "resolved": "https://registry.nlark.com/find-up/download/find-up-4.1.0.tgz?cache=0&sync_timestamp=1629976988340&other_urls=https%3A%2F%2Fregistry.nlark.com%2Ffind-up%2Fdownload%2Ffind-up-4.1.0.tgz",
      "integrity": "sha1-l6/n1s3AvFkoWEt8jXsW6KmqXRk=",
      "requires": {
        "locate-path": "^5.0.0",
        "path-exists": "^4.0.0"
      }
    },
    "function-bind": {
      "version": "1.1.1",
      "resolved": "https://registry.nlark.com/function-bind/download/function-bind-1.1.1.tgz",
      "integrity": "sha1-pWiZ0+o8m6uHS7l3O3xe3pL0iV0="
    },
    "get-caller-file": {
      "version": "2.0.5",
      "resolved": "https://registry.npm.taobao.org/get-caller-file/download/get-caller-file-2.0.5.tgz",
      "integrity": "sha1-T5RBKoLbMvNuOwuXQfipf+sDH34="
    },
    "get-intrinsic": {
      "version": "1.1.1",
      "resolved": "https://registry.npm.taobao.org/get-intrinsic/download/get-intrinsic-1.1.1.tgz",
      "integrity": "sha1-FfWfN2+FXERpY5SPDSTNNje0q8Y=",
      "requires": {
        "function-bind": "^1.1.1",
        "has": "^1.0.3",
        "has-symbols": "^1.0.1"
      }
    },
    "get-symbol-description": {
      "version": "1.0.0",
      "resolved": "https://registry.nlark.com/get-symbol-description/download/get-symbol-description-1.0.0.tgz",
      "integrity": "sha1-f9uByQAQH71WTdXxowr1qtweWNY=",
      "requires": {
        "call-bind": "^1.0.2",
        "get-intrinsic": "^1.1.1"
      }
    },
    "grapheme-splitter": {
      "version": "1.0.4",
      "resolved": "https://registry.npm.taobao.org/grapheme-splitter/download/grapheme-splitter-1.0.4.tgz",
      "integrity": "sha1-nPOmZcYkdHmJaDSvNc8du0QAdn4="
    },
    "has": {
      "version": "1.0.3",
      "resolved": "https://registry.nlark.com/has/download/has-1.0.3.tgz",
      "integrity": "sha1-ci18v8H2qoJB8W3YFOAR4fQeh5Y=",
      "requires": {
        "function-bind": "^1.1.1"
      }
    },
    "has-bigints": {
      "version": "1.0.1",
      "resolved": "https://registry.nlark.com/has-bigints/download/has-bigints-1.0.1.tgz",
      "integrity": "sha1-ZP5qywIGc+O3jbA1pa9pqp0HsRM="
    },
    "has-flag": {
      "version": "4.0.0",
      "resolved": "https://registry.nlark.com/has-flag/download/has-flag-4.0.0.tgz?cache=0&sync_timestamp=1626715907927&other_urls=https%3A%2F%2Fregistry.nlark.com%2Fhas-flag%2Fdownload%2Fhas-flag-4.0.0.tgz",
      "integrity": "sha1-lEdx/ZyByBJlxNaUGGDaBrtZR5s="
    },
    "has-symbols": {
      "version": "1.0.2",
      "resolved": "https://registry.npm.taobao.org/has-symbols/download/has-symbols-1.0.2.tgz?cache=0&sync_timestamp=1614443557459&other_urls=https%3A%2F%2Fregistry.npm.taobao.org%2Fhas-symbols%2Fdownload%2Fhas-symbols-1.0.2.tgz",
      "integrity": "sha1-Fl0wcMADCXUqEjakeTMeOsVvFCM="
    },
    "has-tostringtag": {
      "version": "1.0.0",
      "resolved": "https://registry.nlark.com/has-tostringtag/download/has-tostringtag-1.0.0.tgz?cache=0&sync_timestamp=1628196402801&other_urls=https%3A%2F%2Fregistry.nlark.com%2Fhas-tostringtag%2Fdownload%2Fhas-tostringtag-1.0.0.tgz",
      "integrity": "sha1-fhM4GKfTlHNPlB5zw9P5KR5liyU=",
      "requires": {
        "has-symbols": "^1.0.2"
      }
    },
    "iconv-lite": {
      "version": "0.4.24",
      "resolved": "https://registry.nlark.com/iconv-lite/download/iconv-lite-0.4.24.tgz",
      "integrity": "sha1-ICK0sl+93CHS9SSXSkdKr+czkIs=",
      "requires": {
        "safer-buffer": ">= 2.1.2 < 3"
      }
    },
    "ieee754": {
      "version": "1.2.1",
      "resolved": "https://registry.nlark.com/ieee754/download/ieee754-1.2.1.tgz",
      "integrity": "sha1-jrehCmP/8l0VpXsAFYbRd9Gw01I="
    },
    "inherits": {
      "version": "2.0.4",
      "resolved": "https://registry.nlark.com/inherits/download/inherits-2.0.4.tgz",
      "integrity": "sha1-D6LGT5MpF8NDOg3tVTY6rjdBa3w="
    },
    "inquirer": {
      "version": "8.1.2",
      "resolved": "https://registry.nlark.com/inquirer/download/inquirer-8.1.2.tgz",
      "integrity": "sha1-ZbIE0s1/tjQA7dkl3+Qouv1CLj0=",
      "requires": {
        "ansi-escapes": "^4.2.1",
        "chalk": "^4.1.1",
        "cli-cursor": "^3.1.0",
        "cli-width": "^3.0.0",
        "external-editor": "^3.0.3",
        "figures": "^3.0.0",
        "lodash": "^4.17.21",
        "mute-stream": "0.0.8",
        "ora": "^5.3.0",
        "run-async": "^2.4.0",
        "rxjs": "^7.2.0",
        "string-width": "^4.1.0",
        "strip-ansi": "^6.0.0",
        "through": "^2.3.6"
      }
    },
    "internal-slot": {
      "version": "1.0.3",
      "resolved": "https://registry.nlark.com/internal-slot/download/internal-slot-1.0.3.tgz",
      "integrity": "sha1-c0fjB97uovqsKsYgXUvH00ln9Zw=",
      "requires": {
        "get-intrinsic": "^1.1.0",
        "has": "^1.0.3",
        "side-channel": "^1.0.4"
      }
    },
    "is-bigint": {
      "version": "1.0.4",
      "resolved": "https://registry.nlark.com/is-bigint/download/is-bigint-1.0.4.tgz?cache=0&sync_timestamp=1628747504782&other_urls=https%3A%2F%2Fregistry.nlark.com%2Fis-bigint%2Fdownload%2Fis-bigint-1.0.4.tgz",
      "integrity": "sha1-CBR6GHW8KzIAXUHM2Ckd/8ZpHfM=",
      "requires": {
        "has-bigints": "^1.0.1"
      }
    },
    "is-boolean-object": {
      "version": "1.1.2",
      "resolved": "https://registry.nlark.com/is-boolean-object/download/is-boolean-object-1.1.2.tgz?cache=0&other_urls=https%3A%2F%2Fregistry.nlark.com%2Fis-boolean-object%2Fdownload%2Fis-boolean-object-1.1.2.tgz",
      "integrity": "sha1-XG3CACRt2TIa5LiFoRS7H3X2Nxk=",
      "requires": {
        "call-bind": "^1.0.2",
        "has-tostringtag": "^1.0.0"
      }
    },
    "is-callable": {
      "version": "1.2.4",
      "resolved": "https://registry.nlark.com/is-callable/download/is-callable-1.2.4.tgz?cache=0&other_urls=https%3A%2F%2Fregistry.nlark.com%2Fis-callable%2Fdownload%2Fis-callable-1.2.4.tgz",
      "integrity": "sha1-RzAdWN0CWUB4ZVR4U99tYf5HGUU="
    },
    "is-date-object": {
      "version": "1.0.5",
      "resolved": "https://registry.nlark.com/is-date-object/download/is-date-object-1.0.5.tgz?cache=0&other_urls=https%3A%2F%2Fregistry.nlark.com%2Fis-date-object%2Fdownload%2Fis-date-object-1.0.5.tgz",
      "integrity": "sha1-CEHVU25yTCVZe/bqYuG9OCmN8x8=",
      "requires": {
        "has-tostringtag": "^1.0.0"
      }
    },
    "is-fullwidth-code-point": {
      "version": "3.0.0",
      "resolved": "https://registry.nlark.com/is-fullwidth-code-point/download/is-fullwidth-code-point-3.0.0.tgz",
      "integrity": "sha1-8Rb4Bk/pCz94RKOJl8C3UFEmnx0="
    },
    "is-interactive": {
      "version": "1.0.0",
      "resolved": "https://registry.nlark.com/is-interactive/download/is-interactive-1.0.0.tgz",
      "integrity": "sha1-zqbmrlyHCnsKAAQHC3tYfgJSkS4="
    },
    "is-negative-zero": {
      "version": "2.0.1",
      "resolved": "https://registry.nlark.com/is-negative-zero/download/is-negative-zero-2.0.1.tgz",
      "integrity": "sha1-PedGwY3aIxkkGlNnWQjY92bxHCQ="
    },
    "is-number-object": {
      "version": "1.0.6",
      "resolved": "https://registry.nlark.com/is-number-object/download/is-number-object-1.0.6.tgz",
      "integrity": "sha1-anqvg4x/BoalC0VT9+VKlklOifA=",
      "requires": {
        "has-tostringtag": "^1.0.0"
      }
    },
    "is-regex": {
      "version": "1.1.4",
      "resolved": "https://registry.nlark.com/is-regex/download/is-regex-1.1.4.tgz?cache=0&sync_timestamp=1628221853554&other_urls=https%3A%2F%2Fregistry.nlark.com%2Fis-regex%2Fdownload%2Fis-regex-1.1.4.tgz",
      "integrity": "sha1-7vVmPNWfpMCuM5UFMj32hUuxWVg=",
      "requires": {
        "call-bind": "^1.0.2",
        "has-tostringtag": "^1.0.0"
      }
    },
    "is-string": {
      "version": "1.0.7",
      "resolved": "https://registry.nlark.com/is-string/download/is-string-1.0.7.tgz",
      "integrity": "sha1-DdEr8gBvJVu1j2lREO/3SR7rwP0=",
      "requires": {
        "has-tostringtag": "^1.0.0"
      }
    },
    "is-symbol": {
      "version": "1.0.4",
      "resolved": "https://registry.nlark.com/is-symbol/download/is-symbol-1.0.4.tgz?cache=0&sync_timestamp=1620501182675&other_urls=https%3A%2F%2Fregistry.nlark.com%2Fis-symbol%2Fdownload%2Fis-symbol-1.0.4.tgz",
      "integrity": "sha1-ptrJO2NbBjymhyI23oiRClevE5w=",
      "requires": {
        "has-symbols": "^1.0.2"
      }
    },
    "is-unicode-supported": {
      "version": "0.1.0",
      "resolved": "https://registry.nlark.com/is-unicode-supported/download/is-unicode-supported-0.1.0.tgz?cache=0&sync_timestamp=1625294010675&other_urls=https%3A%2F%2Fregistry.nlark.com%2Fis-unicode-supported%2Fdownload%2Fis-unicode-supported-0.1.0.tgz",
      "integrity": "sha1-PybHaoCVk7Ur+i7LVxDtJ3m1Iqc="
    },
    "kleur": {
      "version": "4.1.4",
      "resolved": "https://registry.nlark.com/kleur/download/kleur-4.1.4.tgz",
      "integrity": "sha1-jCAph9fld3ZtA5qM1GGTTAHNoE0="
    },
    "locate-path": {
      "version": "5.0.0",
      "resolved": "https://registry.nlark.com/locate-path/download/locate-path-5.0.0.tgz",
      "integrity": "sha1-Gvujlq/WdqbUJQTQpno6frn2KqA=",
      "requires": {
        "p-locate": "^4.1.0"
      }
    },
    "lodash": {
      "version": "4.17.21",
      "resolved": "https://registry.nlark.com/lodash/download/lodash-4.17.21.tgz?cache=0&sync_timestamp=1618847150612&other_urls=https%3A%2F%2Fregistry.nlark.com%2Flodash%2Fdownload%2Flodash-4.17.21.tgz",
      "integrity": "sha1-Z5WRxWTDv/quhFTPCz3zcMPWkRw="
    },
    "log-symbols": {
      "version": "4.1.0",
      "resolved": "https://registry.nlark.com/log-symbols/download/log-symbols-4.1.0.tgz",
      "integrity": "sha1-P727lbRoOsn8eFER55LlWNSr1QM=",
      "requires": {
        "chalk": "^4.1.0",
        "is-unicode-supported": "^0.1.0"
      }
    },
    "lowdb": {
      "version": "2.1.0",
      "resolved": "https://registry.nlark.com/lowdb/download/lowdb-2.1.0.tgz",
      "integrity": "sha1-yAY+Iotas+CC7OkOBRJTfstuHio=",
      "requires": {
        "steno": "^1.0.0"
      }
    },
    "mimic-fn": {
      "version": "2.1.0",
      "resolved": "https://registry.nlark.com/mimic-fn/download/mimic-fn-2.1.0.tgz",
      "integrity": "sha1-ftLCzMyvhNP/y3pptXcR/CCDQBs="
    },
    "mixme": {
      "version": "0.5.1",
      "resolved": "https://registry.nlark.com/mixme/download/mixme-0.5.1.tgz",
      "integrity": "sha1-s9p5pWOy2kbvupUZgwBZ5MKp5A8="
    },
    "mute-stream": {
      "version": "0.0.8",
      "resolved": "https://registry.npm.taobao.org/mute-stream/download/mute-stream-0.0.8.tgz",
      "integrity": "sha1-FjDEKyJR/4HiooPelqVJfqkuXg0="
    },
    "object-inspect": {
      "version": "1.11.0",
      "resolved": "https://registry.nlark.com/object-inspect/download/object-inspect-1.11.0.tgz",
      "integrity": "sha1-nc6xRs7dQUig2eUauI00z1CZIrE="
    },
    "object-keys": {
      "version": "1.1.1",
      "resolved": "https://registry.nlark.com/object-keys/download/object-keys-1.1.1.tgz",
      "integrity": "sha1-HEfyct8nfzsdrwYWd9nILiMixg4="
    },
    "object.assign": {
      "version": "4.1.2",
      "resolved": "https://registry.nlark.com/object.assign/download/object.assign-4.1.2.tgz",
      "integrity": "sha1-DtVKNC7Os3s4/3brgxoOeIy2OUA=",
      "requires": {
        "call-bind": "^1.0.0",
        "define-properties": "^1.1.3",
        "has-symbols": "^1.0.1",
        "object-keys": "^1.1.1"
      }
    },
    "onetime": {
      "version": "5.1.2",
      "resolved": "https://registry.nlark.com/onetime/download/onetime-5.1.2.tgz",
      "integrity": "sha1-0Oluu1awdHbfHdnEgG5SN5hcpF4=",
      "requires": {
        "mimic-fn": "^2.1.0"
      }
    },
    "ora": {
      "version": "5.4.1",
      "resolved": "https://registry.nlark.com/ora/download/ora-5.4.1.tgz?cache=0&sync_timestamp=1629755504079&other_urls=https%3A%2F%2Fregistry.nlark.com%2Fora%2Fdownload%2Fora-5.4.1.tgz",
      "integrity": "sha1-GyZ4Qmr0rEpQkAjl5KyemVnbnhg=",
      "requires": {
        "bl": "^4.1.0",
        "chalk": "^4.1.0",
        "cli-cursor": "^3.1.0",
        "cli-spinners": "^2.5.0",
        "is-interactive": "^1.0.0",
        "is-unicode-supported": "^0.1.0",
        "log-symbols": "^4.1.0",
        "strip-ansi": "^6.0.0",
        "wcwidth": "^1.0.1"
      }
    },
    "os-tmpdir": {
      "version": "1.0.2",
      "resolved": "https://registry.nlark.com/os-tmpdir/download/os-tmpdir-1.0.2.tgz",
      "integrity": "sha1-u+Z0BseaqFxc/sdm/lc0VV36EnQ="
    },
    "p-limit": {
      "version": "2.3.0",
      "resolved": "https://registry.nlark.com/p-limit/download/p-limit-2.3.0.tgz",
      "integrity": "sha1-PdM8ZHohT9//2DWTPrCG2g3CHbE=",
      "requires": {
        "p-try": "^2.0.0"
      }
    },
    "p-locate": {
      "version": "4.1.0",
      "resolved": "https://registry.nlark.com/p-locate/download/p-locate-4.1.0.tgz?cache=0&sync_timestamp=1629892761309&other_urls=https%3A%2F%2Fregistry.nlark.com%2Fp-locate%2Fdownload%2Fp-locate-4.1.0.tgz",
      "integrity": "sha1-o0KLtwiLOmApL2aRkni3wpetTwc=",
      "requires": {
        "p-limit": "^2.2.0"
      }
    },
    "p-try": {
      "version": "2.2.0",
      "resolved": "https://registry.nlark.com/p-try/download/p-try-2.2.0.tgz",
      "integrity": "sha1-yyhoVA4xPWHeWPr741zpAE1VQOY="
    },
    "path-exists": {
      "version": "4.0.0",
      "resolved": "https://registry.nlark.com/path-exists/download/path-exists-4.0.0.tgz",
      "integrity": "sha1-UTvb4tO5XXdi6METfvoZXGxhtbM="
    },
    "readable-stream": {
      "version": "3.6.0",
      "resolved": "https://registry.nlark.com/readable-stream/download/readable-stream-3.6.0.tgz",
      "integrity": "sha1-M3u9o63AcGvT4CRCaihtS0sskZg=",
      "requires": {
        "inherits": "^2.0.3",
        "string_decoder": "^1.1.1",
        "util-deprecate": "^1.0.1"
      }
    },
    "require-directory": {
      "version": "2.1.1",
      "resolved": "https://registry.nlark.com/require-directory/download/require-directory-2.1.1.tgz",
      "integrity": "sha1-jGStX9MNqxyXbiNE/+f3kqam30I="
    },
    "require-main-filename": {
      "version": "2.0.0",
      "resolved": "https://registry.nlark.com/require-main-filename/download/require-main-filename-2.0.0.tgz",
      "integrity": "sha1-0LMp7MfMD2Fkn2IhW+aa9UqomJs="
    },
    "restore-cursor": {
      "version": "3.1.0",
      "resolved": "https://registry.nlark.com/restore-cursor/download/restore-cursor-3.1.0.tgz?cache=0&sync_timestamp=1629746923086&other_urls=https%3A%2F%2Fregistry.nlark.com%2Frestore-cursor%2Fdownload%2Frestore-cursor-3.1.0.tgz",
      "integrity": "sha1-OfZ8VLOnpYzqUjbZXPADQjljH34=",
      "requires": {
        "onetime": "^5.1.0",
        "signal-exit": "^3.0.2"
      }
    },
    "run-async": {
      "version": "2.4.1",
      "resolved": "https://registry.npm.taobao.org/run-async/download/run-async-2.4.1.tgz",
      "integrity": "sha1-hEDsz5nqPnC9QJ1JqriOEMGJpFU="
    },
    "rxjs": {
      "version": "7.3.0",
      "resolved": "https://registry.nlark.com/rxjs/download/rxjs-7.3.0.tgz",
      "integrity": "sha1-Of5PNGHcHlC+FHWyuFoKiMHpOMY=",
      "requires": {
        "tslib": "~2.1.0"
      }
    },
    "safe-buffer": {
      "version": "5.2.1",
      "resolved": "https://registry.nlark.com/safe-buffer/download/safe-buffer-5.2.1.tgz",
      "integrity": "sha1-Hq+fqb2x/dTsdfWPnNtOa3gn7sY="
    },
    "safer-buffer": {
      "version": "2.1.2",
      "resolved": "https://registry.nlark.com/safer-buffer/download/safer-buffer-2.1.2.tgz",
      "integrity": "sha1-RPoWGwGHuVSd2Eu5GAL5vYOFzWo="
    },
    "set-blocking": {
      "version": "2.0.0",
      "resolved": "https://registry.nlark.com/set-blocking/download/set-blocking-2.0.0.tgz",
      "integrity": "sha1-BF+XgtARrppoA93TgrJDkrPYkPc="
    },
    "side-channel": {
      "version": "1.0.4",
      "resolved": "https://registry.npm.taobao.org/side-channel/download/side-channel-1.0.4.tgz",
      "integrity": "sha1-785cj9wQTudRslxY1CkAEfpeos8=",
      "requires": {
        "call-bind": "^1.0.0",
        "get-intrinsic": "^1.0.2",
        "object-inspect": "^1.9.0"
      }
    },
    "signal-exit": {
      "version": "3.0.3",
      "resolved": "https://registry.npm.taobao.org/signal-exit/download/signal-exit-3.0.3.tgz?cache=0&sync_timestamp=1592843131591&other_urls=https%3A%2F%2Fregistry.npm.taobao.org%2Fsignal-exit%2Fdownload%2Fsignal-exit-3.0.3.tgz",
      "integrity": "sha1-oUEMLt2PB3sItOJTyOrPyvBXRhw="
    },
    "smartwrap": {
      "version": "2.0.2",
      "resolved": "https://registry.nlark.com/smartwrap/download/smartwrap-2.0.2.tgz",
      "integrity": "sha1-fiXT3Vi1HGykq6Op45FlDqYmmKQ=",
      "requires": {
        "array.prototype.flat": "^1.2.3",
        "breakword": "^1.0.5",
        "grapheme-splitter": "^1.0.4",
        "strip-ansi": "^6.0.0",
        "wcwidth": "^1.0.1",
        "yargs": "^15.1.0"
      },
      "dependencies": {
        "yargs": {
          "version": "15.4.1",
          "resolved": "https://registry.nlark.com/yargs/download/yargs-15.4.1.tgz",
          "integrity": "sha1-DYehbeAa7p2L7Cv7909nhRcw9Pg=",
          "requires": {
            "cliui": "^6.0.0",
            "decamelize": "^1.2.0",
            "find-up": "^4.1.0",
            "get-caller-file": "^2.0.1",
            "require-directory": "^2.1.1",
            "require-main-filename": "^2.0.0",
            "set-blocking": "^2.0.0",
            "string-width": "^4.2.0",
            "which-module": "^2.0.0",
            "y18n": "^4.0.0",
            "yargs-parser": "^18.1.2"
          }
        }
      }
    },
    "steno": {
      "version": "1.0.0",
      "resolved": "https://registry.nlark.com/steno/download/steno-1.0.0.tgz",
      "integrity": "sha1-R14yxgZuyXYCKeqvFVBgF2T77Lo="
    },
    "stream-transform": {
      "version": "2.1.3",
      "resolved": "https://registry.nlark.com/stream-transform/download/stream-transform-2.1.3.tgz?cache=0&sync_timestamp=1630657700973&other_urls=https%3A%2F%2Fregistry.nlark.com%2Fstream-transform%2Fdownload%2Fstream-transform-2.1.3.tgz",
      "integrity": "sha1-ocPs1y3b9QCqjTQrC53zj1qlmOM=",
      "requires": {
        "mixme": "^0.5.1"
      }
    },
    "string-width": {
      "version": "4.2.2",
      "resolved": "https://registry.nlark.com/string-width/download/string-width-4.2.2.tgz",
      "integrity": "sha1-2v1PlVmnWFz7pSnGoKT3NIjr1MU=",
      "requires": {
        "emoji-regex": "^8.0.0",
        "is-fullwidth-code-point": "^3.0.0",
        "strip-ansi": "^6.0.0"
      }
    },
    "string.prototype.trimend": {
      "version": "1.0.4",
      "resolved": "https://registry.nlark.com/string.prototype.trimend/download/string.prototype.trimend-1.0.4.tgz",
      "integrity": "sha1-51rpDClCxjUEaGwYsoe0oLGkX4A=",
      "requires": {
        "call-bind": "^1.0.2",
        "define-properties": "^1.1.3"
      }
    },
    "string.prototype.trimstart": {
      "version": "1.0.4",
      "resolved": "https://registry.npm.taobao.org/string.prototype.trimstart/download/string.prototype.trimstart-1.0.4.tgz?cache=0&sync_timestamp=1614127232940&other_urls=https%3A%2F%2Fregistry.npm.taobao.org%2Fstring.prototype.trimstart%2Fdownload%2Fstring.prototype.trimstart-1.0.4.tgz",
      "integrity": "sha1-s2OZr0qymZtMnGSL16P7K7Jv7u0=",
      "requires": {
        "call-bind": "^1.0.2",
        "define-properties": "^1.1.3"
      }
    },
    "string_decoder": {
      "version": "1.3.0",
      "resolved": "https://registry.nlark.com/string_decoder/download/string_decoder-1.3.0.tgz",
      "integrity": "sha1-QvEUWUpGzxqOMLCoT1bHjD7awh4=",
      "requires": {
        "safe-buffer": "~5.2.0"
      }
    },
    "strip-ansi": {
      "version": "6.0.0",
      "resolved": "https://registry.nlark.com/strip-ansi/download/strip-ansi-6.0.0.tgz",
      "integrity": "sha1-CxVx3XZpzNTz4G4U7x7tJiJa5TI=",
      "requires": {
        "ansi-regex": "^5.0.0"
      }
    },
    "supports-color": {
      "version": "7.2.0",
      "resolved": "https://registry.nlark.com/supports-color/download/supports-color-7.2.0.tgz",
      "integrity": "sha1-G33NyzK4E4gBs+R4umpRyqiWSNo=",
      "requires": {
        "has-flag": "^4.0.0"
      }
    },
    "through": {
      "version": "2.3.8",
      "resolved": "https://registry.nlark.com/through/download/through-2.3.8.tgz?cache=0&sync_timestamp=1618847037651&other_urls=https%3A%2F%2Fregistry.nlark.com%2Fthrough%2Fdownload%2Fthrough-2.3.8.tgz",
      "integrity": "sha1-DdTJ/6q8NXlgsbckEV1+Doai4fU="
    },
    "tmp": {
      "version": "0.0.33",
      "resolved": "https://registry.nlark.com/tmp/download/tmp-0.0.33.tgz",
      "integrity": "sha1-bTQzWIl2jSGyvNoKonfO07G/rfk=",
      "requires": {
        "os-tmpdir": "~1.0.2"
      }
    },
    "tslib": {
      "version": "2.1.0",
      "resolved": "https://registry.nlark.com/tslib/download/tslib-2.1.0.tgz?cache=0&sync_timestamp=1628722556410&other_urls=https%3A%2F%2Fregistry.nlark.com%2Ftslib%2Fdownload%2Ftslib-2.1.0.tgz",
      "integrity": "sha1-2mCGDxwuyqVwOrfTm8Bba/mIuXo="
    },
    "tty-table": {
      "version": "4.1.5",
      "resolved": "https://registry.nlark.com/tty-table/download/tty-table-4.1.5.tgz",
      "integrity": "sha1-dS23Ut00lhwKUuv/iTVVy+YRO5Q=",
      "requires": {
        "chalk": "^4.1.2",
        "csv": "^5.5.0",
        "kleur": "^4.1.4",
        "smartwrap": "^2.0.2",
        "strip-ansi": "^6.0.0",
        "wcwidth": "^1.0.1",
        "yargs": "^17.1.1"
      }
    },
    "type-fest": {
      "version": "0.21.3",
      "resolved": "https://registry.nlark.com/type-fest/download/type-fest-0.21.3.tgz?cache=0&sync_timestamp=1629724508372&other_urls=https%3A%2F%2Fregistry.nlark.com%2Ftype-fest%2Fdownload%2Ftype-fest-0.21.3.tgz",
      "integrity": "sha1-0mCiSwGYQ24TP6JqUkptZfo7Ljc="
    },
    "unbox-primitive": {
      "version": "1.0.1",
      "resolved": "https://registry.npm.taobao.org/unbox-primitive/download/unbox-primitive-1.0.1.tgz?cache=0&sync_timestamp=1616706302651&other_urls=https%3A%2F%2Fregistry.npm.taobao.org%2Funbox-primitive%2Fdownload%2Funbox-primitive-1.0.1.tgz",
      "integrity": "sha1-CF4hViXsMWJXTciFmr7nilmxRHE=",
      "requires": {
        "function-bind": "^1.1.1",
        "has-bigints": "^1.0.1",
        "has-symbols": "^1.0.2",
        "which-boxed-primitive": "^1.0.2"
      }
    },
    "util-deprecate": {
      "version": "1.0.2",
      "resolved": "https://registry.npm.taobao.org/util-deprecate/download/util-deprecate-1.0.2.tgz",
      "integrity": "sha1-RQ1Nyfpw3nMnYvvS1KKJgUGaDM8="
    },
    "wcwidth": {
      "version": "1.0.1",
      "resolved": "https://registry.nlark.com/wcwidth/download/wcwidth-1.0.1.tgz",
      "integrity": "sha1-8LDc+RW8X/FSivrbLA4XtTLaL+g=",
      "requires": {
        "defaults": "^1.0.3"
      }
    },
    "which-boxed-primitive": {
      "version": "1.0.2",
      "resolved": "https://registry.nlark.com/which-boxed-primitive/download/which-boxed-primitive-1.0.2.tgz",
      "integrity": "sha1-E3V7yJsgmwSf5dhkMOIc9AqJqOY=",
      "requires": {
        "is-bigint": "^1.0.1",
        "is-boolean-object": "^1.1.0",
        "is-number-object": "^1.0.4",
        "is-string": "^1.0.5",
        "is-symbol": "^1.0.3"
      }
    },
    "which-module": {
      "version": "2.0.0",
      "resolved": "https://registry.nlark.com/which-module/download/which-module-2.0.0.tgz",
      "integrity": "sha1-2e8H3Od7mQK4o6j6SzHD4/fm6Ho="
    },
    "wrap-ansi": {
      "version": "6.2.0",
      "resolved": "https://registry.nlark.com/wrap-ansi/download/wrap-ansi-6.2.0.tgz",
      "integrity": "sha1-6Tk7oHEC5skaOyIUePAlfNKFblM=",
      "requires": {
        "ansi-styles": "^4.0.0",
        "string-width": "^4.1.0",
        "strip-ansi": "^6.0.0"
      }
    },
    "y18n": {
      "version": "4.0.3",
      "resolved": "https://registry.nlark.com/y18n/download/y18n-4.0.3.tgz",
      "integrity": "sha1-tfJZyCzW4zaSHv17/Yv1YN6e7t8="
    },
    "yargs": {
      "version": "17.1.1",
      "resolved": "https://registry.nlark.com/yargs/download/yargs-17.1.1.tgz",
      "integrity": "sha1-wqgJFWS9sZb3wKZ8HRLluFuAZ7o=",
      "requires": {
        "cliui": "^7.0.2",
        "escalade": "^3.1.1",
        "get-caller-file": "^2.0.5",
        "require-directory": "^2.1.1",
        "string-width": "^4.2.0",
        "y18n": "^5.0.5",
        "yargs-parser": "^20.2.2"
      },
      "dependencies": {
        "cliui": {
          "version": "7.0.4",
          "resolved": "https://registry.nlark.com/cliui/download/cliui-7.0.4.tgz",
          "integrity": "sha1-oCZe5lVHb8gHrqnfPfjfd4OAi08=",
          "requires": {
            "string-width": "^4.2.0",
            "strip-ansi": "^6.0.0",
            "wrap-ansi": "^7.0.0"
          }
        },
        "wrap-ansi": {
          "version": "7.0.0",
          "resolved": "https://registry.nlark.com/wrap-ansi/download/wrap-ansi-7.0.0.tgz",
          "integrity": "sha1-Z+FFz/UQpqaYS98RUpEdadLrnkM=",
          "requires": {
            "ansi-styles": "^4.0.0",
            "string-width": "^4.1.0",
            "strip-ansi": "^6.0.0"
          }
        },
        "y18n": {
          "version": "5.0.8",
          "resolved": "https://registry.nlark.com/y18n/download/y18n-5.0.8.tgz",
          "integrity": "sha1-f0k00PfKjFb5UxSTndzS3ZHOHVU="
        },
        "yargs-parser": {
          "version": "20.2.9",
          "resolved": "https://registry.nlark.com/yargs-parser/download/yargs-parser-20.2.9.tgz?cache=0&sync_timestamp=1624233514145&other_urls=https%3A%2F%2Fregistry.nlark.com%2Fyargs-parser%2Fdownload%2Fyargs-parser-20.2.9.tgz",
          "integrity": "sha1-LrfcOwKJcY/ClfNidThFxBoMlO4="
        }
      }
    },
    "yargs-parser": {
      "version": "18.1.3",
      "resolved": "https://registry.nlark.com/yargs-parser/download/yargs-parser-18.1.3.tgz?cache=0&sync_timestamp=1624233514145&other_urls=https%3A%2F%2Fregistry.nlark.com%2Fyargs-parser%2Fdownload%2Fyargs-parser-18.1.3.tgz",
      "integrity": "sha1-vmjEl1xrKr9GkjawyHA2L6sJp7A=",
      "requires": {
        "camelcase": "^5.0.0",
        "decamelize": "^1.2.0"
      }
    }
  }
}
